
Microsoft Visual Studio Solution File, Format Version 12.00
# Visual Studio Version 17
VisualStudioVersion = 17.3.32811.315
MinimumVisualStudioVersion = 10.0.40219.1
Project("{2150E333-8FDC-42A3-9474-1A3956D46DE8}") = "1 - CDB.Api", "1 - CDB.Api", "{2D974AFE-0D08-4960-B095-7AD0186BC9C9}"
EndProject
Project("{2150E333-8FDC-42A3-9474-1A3956D46DE8}") = "2 - CDB.Application", "2 - CDB.Application", "{EE24C5AC-9995-46B6-821E-1AF66338E957}"
EndProject
Project("{2150E333-8FDC-42A3-9474-1A3956D46DE8}") = "3 - CDB.Services", "3 - CDB.Services", "{16C9E8CB-95A4-4CCE-8A03-C74B7881A44E}"
EndProject
Project("{2150E333-8FDC-42A3-9474-1A3956D46DE8}") = "4 - CDB.Domain", "4 - CDB.Domain", "{B1AC625A-DF4D-4FED-BADF-DA256F59C0A1}"
EndProject
Project("{2150E333-8FDC-42A3-9474-1A3956D46DE8}") = "5 - CDB.Infrastrucuture", "5 - CDB.Infrastrucuture", "{365B92DC-193E-49DF-ABE2-9C28F7B589FC}"
EndProject
Project("{2150E333-8FDC-42A3-9474-1A3956D46DE8}") = "6 - CDB.Tests", "6 - CDB.Tests", "{16F8A169-D54F-4C3B-869C-B41751931BE8}"
EndProject
Project("{FAE04EC0-301F-11D3-BF4B-00C04F79EFBC}") = "CDB.Api", "CDB.Api\CDB.Api.csproj", "{D04DDF7F-7122-43F8-ACE2-43C8B9EBA8C5}"
EndProject
Project("{FAE04EC0-301F-11D3-BF4B-00C04F79EFBC}") = "CDB.Application", "CDB.Application\CDB.Application.csproj", "{70B2C499-80ED-40EC-A099-2ABBF148728D}"
EndProject
Project("{FAE04EC0-301F-11D3-BF4B-00C04F79EFBC}") = "CDB.Services", "CDB.Services\CDB.Services.csproj", "{449BF036-E887-4D5C-8CD9-C646EA544EDE}"
EndProject
Project("{FAE04EC0-301F-11D3-BF4B-00C04F79EFBC}") = "CDB.Domain", "CDB.Domain\CDB.Domain.csproj", "{EA54967A-D9FE-4A64-95F5-3CEF9FB1CDFC}"
EndProject
Project("{FAE04EC0-301F-11D3-BF4B-00C04F79EFBC}") = "CDB.Infra", "CDB.Infra\CDB.Infra.csproj", "{4F3FDDC5-BA61-492B-A087-7899999B3131}"
EndProject
Project("{FAE04EC0-301F-11D3-BF4B-00C04F79EFBC}") = "CDB.Tests", "CDB.Tests\CDB.Tests.csproj", "{140BED61-FC32-4BF6-84BF-AB0516CB8795}"
EndProject
Global
	GlobalSection(SolutionConfigurationPlatforms) = preSolution
		Debug|Any CPU = Debug|Any CPU
		Release|Any CPU = Release|Any CPU
	EndGlobalSection
	GlobalSection(ProjectConfigurationPlatforms) = postSolution
		{D04DDF7F-7122-43F8-ACE2-43C8B9EBA8C5}.Debug|Any CPU.ActiveCfg = Debug|Any CPU
		{D04DDF7F-7122-43F8-ACE2-43C8B9EBA8C5}.Debug|Any CPU.Build.0 = Debug|Any CPU
		{D04DDF7F-7122-43F8-ACE2-43C8B9EBA8C5}.Release|Any CPU.ActiveCfg = Release|Any CPU
		{D04DDF7F-7122-43F8-ACE2-43C8B9EBA8C5}.Release|Any CPU.Build.0 = Release|Any CPU
		{70B2C499-80ED-40EC-A099-2ABBF148728D}.Debug|Any CPU.ActiveCfg = Debug|Any CPU
		{70B2C499-80ED-40EC-A099-2ABBF148728D}.Debug|Any CPU.Build.0 = Debug|Any CPU
		{70B2C499-80ED-40EC-A099-2ABBF148728D}.Release|Any CPU.ActiveCfg = Release|Any CPU
		{70B2C499-80ED-40EC-A099-2ABBF148728D}.Release|Any CPU.Build.0 = Release|Any CPU
		{449BF036-E887-4D5C-8CD9-C646EA544EDE}.Debug|Any CPU.ActiveCfg = Debug|Any CPU
		{449BF036-E887-4D5C-8CD9-C646EA544EDE}.Debug|Any CPU.Build.0 = Debug|Any CPU
		{449BF036-E887-4D5C-8CD9-C646EA544EDE}.Release|Any CPU.ActiveCfg = Release|Any CPU
		{449BF036-E887-4D5C-8CD9-C646EA544EDE}.Release|Any CPU.Build.0 = Release|Any CPU
		{EA54967A-D9FE-4A64-95F5-3CEF9FB1CDFC}.Debug|Any CPU.ActiveCfg = Debug|Any CPU
		{EA54967A-D9FE-4A64-95F5-3CEF9FB1CDFC}.Debug|Any CPU.Build.0 = Debug|Any CPU
		{EA54967A-D9FE-4A64-95F5-3CEF9FB1CDFC}.Release|Any CPU.ActiveCfg = Release|Any CPU
		{EA54967A-D9FE-4A64-95F5-3CEF9FB1CDFC}.Release|Any CPU.Build.0 = Release|Any CPU
		{4F3FDDC5-BA61-492B-A087-7899999B3131}.Debug|Any CPU.ActiveCfg = Debug|Any CPU
		{4F3FDDC5-BA61-492B-A087-7899999B3131}.Debug|Any CPU.Build.0 = Debug|Any CPU
		{4F3FDDC5-BA61-492B-A087-7899999B3131}.Release|Any CPU.ActiveCfg = Release|Any CPU
		{4F3FDDC5-BA61-492B-A087-7899999B3131}.Release|Any CPU.Build.0 = Release|Any CPU
		{140BED61-FC32-4BF6-84BF-AB0516CB8795}.Debug|Any CPU.ActiveCfg = Debug|Any CPU
		{140BED61-FC32-4BF6-84BF-AB0516CB8795}.Debug|Any CPU.Build.0 = Debug|Any CPU
		{140BED61-FC32-4BF6-84BF-AB0516CB8795}.Release|Any CPU.ActiveCfg = Release|Any CPU
		{140BED61-FC32-4BF6-84BF-AB0516CB8795}.Release|Any CPU.Build.0 = Release|Any CPU
	EndGlobalSection
	GlobalSection(SolutionProperties) = preSolution
		HideSolutionNode = FALSE
	EndGlobalSection
	GlobalSection(NestedProjects) = preSolution
		{D04DDF7F-7122-43F8-ACE2-43C8B9EBA8C5} = {2D974AFE-0D08-4960-B095-7AD0186BC9C9}
		{70B2C499-80ED-40EC-A099-2ABBF148728D} = {EE24C5AC-9995-46B6-821E-1AF66338E957}
		{449BF036-E887-4D5C-8CD9-C646EA544EDE} = {16C9E8CB-95A4-4CCE-8A03-C74B7881A44E}
		{EA54967A-D9FE-4A64-95F5-3CEF9FB1CDFC} = {B1AC625A-DF4D-4FED-BADF-DA256F59C0A1}
		{4F3FDDC5-BA61-492B-A087-7899999B3131} = {365B92DC-193E-49DF-ABE2-9C28F7B589FC}
		{140BED61-FC32-4BF6-84BF-AB0516CB8795} = {16F8A169-D54F-4C3B-869C-B41751931BE8}
	EndGlobalSection
	GlobalSection(ExtensibilityGlobals) = postSolution
		SolutionGuid = {942D9E12-715E-40CD-B5F9-25EF3AEF8828}
	EndGlobalSection
EndGlobal
